// !$*UTF8*$!
{
	archiveVersion = 1;
	classes = {
	};
	objectVersion = 56;
	objects = {

/* Begin PBXBuildFile section */
		476473B62C1472630052EB45 /* WB_chatApp.swift in Sources */ = {isa = PBXBuildFile; fileRef = 476473B52C1472630052EB45 /* WB_chatApp.swift */; };
		476473B82C1472630052EB45 /* ContentView.swift in Sources */ = {isa = PBXBuildFile; fileRef = 476473B72C1472630052EB45 /* ContentView.swift */; };
		476473BA2C1472640052EB45 /* Assets.xcassets in Resources */ = {isa = PBXBuildFile; fileRef = 476473B92C1472640052EB45 /* Assets.xcassets */; };
		476473BD2C1472640052EB45 /* Preview Assets.xcassets in Resources */ = {isa = PBXBuildFile; fileRef = 476473BC2C1472640052EB45 /* Preview Assets.xcassets */; };
		476473C42C14728F0052EB45 /* Onboarding.swift in Sources */ = {isa = PBXBuildFile; fileRef = 476473C32C14728F0052EB45 /* Onboarding.swift */; };
		476473C62C1472D00052EB45 /* ContentView_TabView.swift in Sources */ = {isa = PBXBuildFile; fileRef = 476473C52C1472D00052EB45 /* ContentView_TabView.swift */; };
		476473C82C1472D70052EB45 /* MainScreen.swift in Sources */ = {isa = PBXBuildFile; fileRef = 476473C72C1472D70052EB45 /* MainScreen.swift */; };
		476473CA2C1472DD0052EB45 /* MatchScreen.swift in Sources */ = {isa = PBXBuildFile; fileRef = 476473C92C1472DD0052EB45 /* MatchScreen.swift */; };
		476473CC2C1472E30052EB45 /* ProfileScreen.swift in Sources */ = {isa = PBXBuildFile; fileRef = 476473CB2C1472E30052EB45 /* ProfileScreen.swift */; };
		476473D02C1473E60052EB45 /* ContactsView.swift in Sources */ = {isa = PBXBuildFile; fileRef = 476473CF2C1473E60052EB45 /* ContactsView.swift */; };
		476473D22C1474070052EB45 /* ContactsModel.swift in Sources */ = {isa = PBXBuildFile; fileRef = 476473D12C1474070052EB45 /* ContactsModel.swift */; };
		476473D42C1474200052EB45 /* ContactsDetailView.swift in Sources */ = {isa = PBXBuildFile; fileRef = 476473D32C1474200052EB45 /* ContactsDetailView.swift */; };
		476473DA2C15CC0D0052EB45 /* SearchBar.swift in Sources */ = {isa = PBXBuildFile; fileRef = 476473D92C15CC0D0052EB45 /* SearchBar.swift */; };
		476473DC2C15CF2C0052EB45 /* ContactRow.swift in Sources */ = {isa = PBXBuildFile; fileRef = 476473DB2C15CF2C0052EB45 /* ContactRow.swift */; };
/* End PBXBuildFile section */

/* Begin PBXFileReference section */
		476473B22C1472630052EB45 /* WB chat.app */ = {isa = PBXFileReference; explicitFileType = wrapper.application; includeInIndex = 0; path = "WB chat.app"; sourceTree = BUILT_PRODUCTS_DIR; };
		476473B52C1472630052EB45 /* WB_chatApp.swift */ = {isa = PBXFileReference; lastKnownFileType = sourcecode.swift; path = WB_chatApp.swift; sourceTree = "<group>"; };
		476473B72C1472630052EB45 /* ContentView.swift */ = {isa = PBXFileReference; lastKnownFileType = sourcecode.swift; path = ContentView.swift; sourceTree = "<group>"; };
		476473B92C1472640052EB45 /* Assets.xcassets */ = {isa = PBXFileReference; lastKnownFileType = folder.assetcatalog; path = Assets.xcassets; sourceTree = "<group>"; };
		476473BC2C1472640052EB45 /* Preview Assets.xcassets */ = {isa = PBXFileReference; lastKnownFileType = folder.assetcatalog; path = "Preview Assets.xcassets"; sourceTree = "<group>"; };
		476473C32C14728F0052EB45 /* Onboarding.swift */ = {isa = PBXFileReference; fileEncoding = 4; lastKnownFileType = sourcecode.swift; path = Onboarding.swift; sourceTree = "<group>"; };
		476473C52C1472D00052EB45 /* ContentView_TabView.swift */ = {isa = PBXFileReference; fileEncoding = 4; lastKnownFileType = sourcecode.swift; path = ContentView_TabView.swift; sourceTree = "<group>"; };
		476473C72C1472D70052EB45 /* MainScreen.swift */ = {isa = PBXFileReference; fileEncoding = 4; lastKnownFileType = sourcecode.swift; path = MainScreen.swift; sourceTree = "<group>"; };
		476473C92C1472DD0052EB45 /* MatchScreen.swift */ = {isa = PBXFileReference; fileEncoding = 4; lastKnownFileType = sourcecode.swift; path = MatchScreen.swift; sourceTree = "<group>"; };
		476473CB2C1472E30052EB45 /* ProfileScreen.swift */ = {isa = PBXFileReference; fileEncoding = 4; lastKnownFileType = sourcecode.swift; path = ProfileScreen.swift; sourceTree = "<group>"; };
		476473CF2C1473E60052EB45 /* ContactsView.swift */ = {isa = PBXFileReference; lastKnownFileType = sourcecode.swift; path = ContactsView.swift; sourceTree = "<group>"; };
		476473D12C1474070052EB45 /* ContactsModel.swift */ = {isa = PBXFileReference; lastKnownFileType = sourcecode.swift; path = ContactsModel.swift; sourceTree = "<group>"; };
		476473D32C1474200052EB45 /* ContactsDetailView.swift */ = {isa = PBXFileReference; lastKnownFileType = sourcecode.swift; path = ContactsDetailView.swift; sourceTree = "<group>"; };
		476473D92C15CC0D0052EB45 /* SearchBar.swift */ = {isa = PBXFileReference; lastKnownFileType = sourcecode.swift; path = SearchBar.swift; sourceTree = "<group>"; };
		476473DB2C15CF2C0052EB45 /* ContactRow.swift */ = {isa = PBXFileReference; lastKnownFileType = sourcecode.swift; path = ContactRow.swift; sourceTree = "<group>"; };
/* End PBXFileReference section */

/* Begin PBXFrameworksBuildPhase section */
		476473AF2C1472630052EB45 /* Frameworks */ = {
			isa = PBXFrameworksBuildPhase;
			buildActionMask = 2147483647;
			files = (
			);
			runOnlyForDeploymentPostprocessing = 0;
		};
/* End PBXFrameworksBuildPhase section */

/* Begin PBXGroup section */
		476473A92C1472630052EB45 = {
			isa = PBXGroup;
			children = (
				476473B42C1472630052EB45 /* WB chat */,
				476473B32C1472630052EB45 /* Products */,
			);
			sourceTree = "<group>";
		};
		476473B32C1472630052EB45 /* Products */ = {
			isa = PBXGroup;
			children = (
				476473B22C1472630052EB45 /* WB chat.app */,
			);
			name = Products;
			sourceTree = "<group>";
		};
		476473B42C1472630052EB45 /* WB chat */ = {
			isa = PBXGroup;
			children = (
				476473CD2C14738B0052EB45 /* WB_LessonOne */,
				476473CE2C1473CC0052EB45 /* WB_LessonTwo */,
				476473B92C1472640052EB45 /* Assets.xcassets */,
				476473BB2C1472640052EB45 /* Preview Content */,
			);
			path = "WB chat";
			sourceTree = "<group>";
		};
		476473BB2C1472640052EB45 /* Preview Content */ = {
			isa = PBXGroup;
			children = (
				476473BC2C1472640052EB45 /* Preview Assets.xcassets */,
			);
			path = "Preview Content";
			sourceTree = "<group>";
		};
		476473CD2C14738B0052EB45 /* WB_LessonOne */ = {
			isa = PBXGroup;
			children = (
				47FE849D2C15E8E30044FA9E /* Application */,
				47FE84992C15E8310044FA9E /* TabBar */,
			);
			path = WB_LessonOne;
			sourceTree = "<group>";
		};
		476473CE2C1473CC0052EB45 /* WB_LessonTwo */ = {
			isa = PBXGroup;
			children = (
				47FE849B2C15E87C0044FA9E /* Model */,
				47FE849C2C15E89D0044FA9E /* View */,
				476473D92C15CC0D0052EB45 /* SearchBar.swift */,
			);
			path = WB_LessonTwo;
			sourceTree = "<group>";
		};
		47FE84992C15E8310044FA9E /* TabBar */ = {
			isa = PBXGroup;
			children = (
				476473C52C1472D00052EB45 /* ContentView_TabView.swift */,
				47FE849A2C15E8610044FA9E /* TabBarScreen */,
			);
			path = TabBar;
			sourceTree = "<group>";
		};
		47FE849A2C15E8610044FA9E /* TabBarScreen */ = {
			isa = PBXGroup;
			children = (
				476473C72C1472D70052EB45 /* MainScreen.swift */,
				476473C92C1472DD0052EB45 /* MatchScreen.swift */,
				476473CB2C1472E30052EB45 /* ProfileScreen.swift */,
			);
			path = TabBarScreen;
			sourceTree = "<group>";
		};
		47FE849B2C15E87C0044FA9E /* Model */ = {
			isa = PBXGroup;
			children = (
				476473D12C1474070052EB45 /* ContactsModel.swift */,
			);
			path = Model;
			sourceTree = "<group>";
		};
		47FE849C2C15E89D0044FA9E /* View */ = {
			isa = PBXGroup;
			children = (
				476473CF2C1473E60052EB45 /* ContactsView.swift */,
				476473DB2C15CF2C0052EB45 /* ContactRow.swift */,
				476473D32C1474200052EB45 /* ContactsDetailView.swift */,
			);
			path = View;
			sourceTree = "<group>";
		};
		47FE849D2C15E8E30044FA9E /* Application */ = {
			isa = PBXGroup;
			children = (
				476473B52C1472630052EB45 /* WB_chatApp.swift */,
				476473B72C1472630052EB45 /* ContentView.swift */,
				476473C32C14728F0052EB45 /* Onboarding.swift */,
			);
			path = Application;
			sourceTree = "<group>";
		};
/* End PBXGroup section */

/* Begin PBXNativeTarget section */
		476473B12C1472630052EB45 /* WB chat */ = {
			isa = PBXNativeTarget;
			buildConfigurationList = 476473C02C1472640052EB45 /* Build configuration list for PBXNativeTarget "WB chat" */;
			buildPhases = (
				476473AE2C1472630052EB45 /* Sources */,
				476473AF2C1472630052EB45 /* Frameworks */,
				476473B02C1472630052EB45 /* Resources */,
			);
			buildRules = (
			);
			dependencies = (
			);
			name = "WB chat";
			productName = "WB chat";
			productReference = 476473B22C1472630052EB45 /* WB chat.app */;
			productType = "com.apple.product-type.application";
		};
/* End PBXNativeTarget section */

/* Begin PBXProject section */
		476473AA2C1472630052EB45 /* Project object */ = {
			isa = PBXProject;
			attributes = {
				BuildIndependentTargetsInParallel = 1;
				LastSwiftUpdateCheck = 1510;
				LastUpgradeCheck = 1510;
				TargetAttributes = {
					476473B12C1472630052EB45 = {
						CreatedOnToolsVersion = 15.1;
					};
				};
			};
			buildConfigurationList = 476473AD2C1472630052EB45 /* Build configuration list for PBXProject "WB chat" */;
			compatibilityVersion = "Xcode 14.0";
			developmentRegion = en;
			hasScannedForEncodings = 0;
			knownRegions = (
				en,
				Base,
			);
			mainGroup = 476473A92C1472630052EB45;
			productRefGroup = 476473B32C1472630052EB45 /* Products */;
			projectDirPath = "";
			projectRoot = "";
			targets = (
				476473B12C1472630052EB45 /* WB chat */,
			);
		};
/* End PBXProject section */

/* Begin PBXResourcesBuildPhase section */
		476473B02C1472630052EB45 /* Resources */ = {
			isa = PBXResourcesBuildPhase;
			buildActionMask = 2147483647;
			files = (
				476473BD2C1472640052EB45 /* Preview Assets.xcassets in Resources */,
				476473BA2C1472640052EB45 /* Assets.xcassets in Resources */,
			);
			runOnlyForDeploymentPostprocessing = 0;
		};
/* End PBXResourcesBuildPhase section */

/* Begin PBXSourcesBuildPhase section */
		476473AE2C1472630052EB45 /* Sources */ = {
			isa = PBXSourcesBuildPhase;
			buildActionMask = 2147483647;
			files = (
				476473C42C14728F0052EB45 /* Onboarding.swift in Sources */,
				476473D22C1474070052EB45 /* ContactsModel.swift in Sources */,
				476473CC2C1472E30052EB45 /* ProfileScreen.swift in Sources */,
				476473B82C1472630052EB45 /* ContentView.swift in Sources */,
				476473DA2C15CC0D0052EB45 /* SearchBar.swift in Sources */,
				476473C82C1472D70052EB45 /* MainScreen.swift in Sources */,
				476473CA2C1472DD0052EB45 /* MatchScreen.swift in Sources */,
				476473D42C1474200052EB45 /* ContactsDetailView.swift in Sources */,
				476473B62C1472630052EB45 /* WB_chatApp.swift in Sources */,
				476473DC2C15CF2C0052EB45 /* ContactRow.swift in Sources */,
				476473C62C1472D00052EB45 /* ContentView_TabView.swift in Sources */,
				476473D02C1473E60052EB45 /* ContactsView.swift in Sources */,
			);
			runOnlyForDeploymentPostprocessing = 0;
		};
/* End PBXSourcesBuildPhase section */

/* Begin XCBuildConfiguration section */
		476473BE2C1472640052EB45 /* Debug */ = {
			isa = XCBuildConfiguration;
			buildSettings = {
				ALWAYS_SEARCH_USER_PATHS = NO;
				ASSETCATALOG_COMPILER_GENERATE_SWIFT_ASSET_SYMBOL_EXTENSIONS = YES;
				CLANG_ANALYZER_NONNULL = YES;
				CLANG_ANALYZER_NUMBER_OBJECT_CONVERSION = YES_AGGRESSIVE;
				CLANG_CXX_LANGUAGE_STANDARD = "gnu++20";
				CLANG_ENABLE_MODULES = YES;
				CLANG_ENABLE_OBJC_ARC = YES;
				CLANG_ENABLE_OBJC_WEAK = YES;
				CLANG_WARN_BLOCK_CAPTURE_AUTORELEASING = YES;
				CLANG_WARN_BOOL_CONVERSION = YES;
				CLANG_WARN_COMMA = YES;
				CLANG_WARN_CONSTANT_CONVERSION = YES;
				CLANG_WARN_DEPRECATED_OBJC_IMPLEMENTATIONS = YES;
				CLANG_WARN_DIRECT_OBJC_ISA_USAGE = YES_ERROR;
				CLANG_WARN_DOCUMENTATION_COMMENTS = YES;
				CLANG_WARN_EMPTY_BODY = YES;
				CLANG_WARN_ENUM_CONVERSION = YES;
				CLANG_WARN_INFINITE_RECURSION = YES;
				CLANG_WARN_INT_CONVERSION = YES;
				CLANG_WARN_NON_LITERAL_NULL_CONVERSION = YES;
				CLANG_WARN_OBJC_IMPLICIT_RETAIN_SELF = YES;
				CLANG_WARN_OBJC_LITERAL_CONVERSION = YES;
				CLANG_WARN_OBJC_ROOT_CLASS = YES_ERROR;
				CLANG_WARN_QUOTED_INCLUDE_IN_FRAMEWORK_HEADER = YES;
				CLANG_WARN_RANGE_LOOP_ANALYSIS = YES;
				CLANG_WARN_STRICT_PROTOTYPES = YES;
				CLANG_WARN_SUSPICIOUS_MOVE = YES;
				CLANG_WARN_UNGUARDED_AVAILABILITY = YES_AGGRESSIVE;
				CLANG_WARN_UNREACHABLE_CODE = YES;
				CLANG_WARN__DUPLICATE_METHOD_MATCH = YES;
				COPY_PHASE_STRIP = NO;
				DEBUG_INFORMATION_FORMAT = dwarf;
				ENABLE_STRICT_OBJC_MSGSEND = YES;
				ENABLE_TESTABILITY = YES;
				ENABLE_USER_SCRIPT_SANDBOXING = YES;
				GCC_C_LANGUAGE_STANDARD = gnu17;
				GCC_DYNAMIC_NO_PIC = NO;
				GCC_NO_COMMON_BLOCKS = YES;
				GCC_OPTIMIZATION_LEVEL = 0;
				GCC_PREPROCESSOR_DEFINITIONS = (
					"DEBUG=1",
					"$(inherited)",
				);
				GCC_WARN_64_TO_32_BIT_CONVERSION = YES;
				GCC_WARN_ABOUT_RETURN_TYPE = YES_ERROR;
				GCC_WARN_UNDECLARED_SELECTOR = YES;
				GCC_WARN_UNINITIALIZED_AUTOS = YES_AGGRESSIVE;
				GCC_WARN_UNUSED_FUNCTION = YES;
				GCC_WARN_UNUSED_VARIABLE = YES;
				IPHONEOS_DEPLOYMENT_TARGET = 17.2;
				LOCALIZATION_PREFERS_STRING_CATALOGS = YES;
				MTL_ENABLE_DEBUG_INFO = INCLUDE_SOURCE;
				MTL_FAST_MATH = YES;
				ONLY_ACTIVE_ARCH = YES;
				SDKROOT = iphoneos;
				SWIFT_ACTIVE_COMPILATION_CONDITIONS = "DEBUG $(inherited)";
				SWIFT_OPTIMIZATION_LEVEL = "-Onone";
			};
			name = Debug;
		};
		476473BF2C1472640052EB45 /* Release */ = {
			isa = XCBuildConfiguration;
			buildSettings = {
				ALWAYS_SEARCH_USER_PATHS = NO;
				ASSETCATALOG_COMPILER_GENERATE_SWIFT_ASSET_SYMBOL_EXTENSIONS = YES;
				CLANG_ANALYZER_NONNULL = YES;
				CLANG_ANALYZER_NUMBER_OBJECT_CONVERSION = YES_AGGRESSIVE;
				CLANG_CXX_LANGUAGE_STANDARD = "gnu++20";
				CLANG_ENABLE_MODULES = YES;
				CLANG_ENABLE_OBJC_ARC = YES;
				CLANG_ENABLE_OBJC_WEAK = YES;
				CLANG_WARN_BLOCK_CAPTURE_AUTORELEASING = YES;
				CLANG_WARN_BOOL_CONVERSION = YES;
				CLANG_WARN_COMMA = YES;
				CLANG_WARN_CONSTANT_CONVERSION = YES;
				CLANG_WARN_DEPRECATED_OBJC_IMPLEMENTATIONS = YES;
				CLANG_WARN_DIRECT_OBJC_ISA_USAGE = YES_ERROR;
				CLANG_WARN_DOCUMENTATION_COMMENTS = YES;
				CLANG_WARN_EMPTY_BODY = YES;
				CLANG_WARN_ENUM_CONVERSION = YES;
				CLANG_WARN_INFINITE_RECURSION = YES;
				CLANG_WARN_INT_CONVERSION = YES;
				CLANG_WARN_NON_LITERAL_NULL_CONVERSION = YES;
				CLANG_WARN_OBJC_IMPLICIT_RETAIN_SELF = YES;
				CLANG_WARN_OBJC_LITERAL_CONVERSION = YES;
				CLANG_WARN_OBJC_ROOT_CLASS = YES_ERROR;
				CLANG_WARN_QUOTED_INCLUDE_IN_FRAMEWORK_HEADER = YES;
				CLANG_WARN_RANGE_LOOP_ANALYSIS = YES;
				CLANG_WARN_STRICT_PROTOTYPES = YES;
				CLANG_WARN_SUSPICIOUS_MOVE = YES;
				CLANG_WARN_UNGUARDED_AVAILABILITY = YES_AGGRESSIVE;
				CLANG_WARN_UNREACHABLE_CODE = YES;
				CLANG_WARN__DUPLICATE_METHOD_MATCH = YES;
				COPY_PHASE_STRIP = NO;
				DEBUG_INFORMATION_FORMAT = "dwarf-with-dsym";
				ENABLE_NS_ASSERTIONS = NO;
				ENABLE_STRICT_OBJC_MSGSEND = YES;
				ENABLE_USER_SCRIPT_SANDBOXING = YES;
				GCC_C_LANGUAGE_STANDARD = gnu17;
				GCC_NO_COMMON_BLOCKS = YES;
				GCC_WARN_64_TO_32_BIT_CONVERSION = YES;
				GCC_WARN_ABOUT_RETURN_TYPE = YES_ERROR;
				GCC_WARN_UNDECLARED_SELECTOR = YES;
				GCC_WARN_UNINITIALIZED_AUTOS = YES_AGGRESSIVE;
				GCC_WARN_UNUSED_FUNCTION = YES;
				GCC_WARN_UNUSED_VARIABLE = YES;
				IPHONEOS_DEPLOYMENT_TARGET = 17.2;
				LOCALIZATION_PREFERS_STRING_CATALOGS = YES;
				MTL_ENABLE_DEBUG_INFO = NO;
				MTL_FAST_MATH = YES;
				SDKROOT = iphoneos;
				SWIFT_COMPILATION_MODE = wholemodule;
				VALIDATE_PRODUCT = YES;
			};
			name = Release;
		};
		476473C12C1472640052EB45 /* Debug */ = {
			isa = XCBuildConfiguration;
			buildSettings = {
				ASSETCATALOG_COMPILER_APPICON_NAME = AppIcon;
				ASSETCATALOG_COMPILER_GLOBAL_ACCENT_COLOR_NAME = AccentColor;
				CODE_SIGN_STYLE = Automatic;
				CURRENT_PROJECT_VERSION = 1;
				DEVELOPMENT_ASSET_PATHS = "\"WB chat/Preview Content\"";
				DEVELOPMENT_TEAM = G249G7DU5T;
				ENABLE_PREVIEWS = YES;
				GENERATE_INFOPLIST_FILE = YES;
				INFOPLIST_KEY_UIApplicationSceneManifest_Generation = YES;
				INFOPLIST_KEY_UIApplicationSupportsIndirectInputEvents = YES;
				INFOPLIST_KEY_UILaunchScreen_Generation = YES;
				INFOPLIST_KEY_UISupportedInterfaceOrientations_iPad = "UIInterfaceOrientationPortrait UIInterfaceOrientationPortraitUpsideDown UIInterfaceOrientationLandscapeLeft UIInterfaceOrientationLandscapeRight";
				INFOPLIST_KEY_UISupportedInterfaceOrientations_iPhone = "UIInterfaceOrientationPortrait UIInterfaceOrientationLandscapeLeft UIInterfaceOrientationLandscapeRight";
				LD_RUNPATH_SEARCH_PATHS = (
					"$(inherited)",
					"@executable_path/Frameworks",
				);
				MARKETING_VERSION = 1.0;
				PRODUCT_BUNDLE_IDENTIFIER = "Pet.WB-chat";
				PRODUCT_NAME = "$(TARGET_NAME)";
				SWIFT_EMIT_LOC_STRINGS = YES;
				SWIFT_VERSION = 5.0;
				TARGETED_DEVICE_FAMILY = "1,2";
			};
			name = Debug;
		};
		476473C22C1472640052EB45 /* Release */ = {
			isa = XCBuildConfiguration;
			buildSettings = {
				ASSETCATALOG_COMPILER_APPICON_NAME = AppIcon;
				ASSETCATALOG_COMPILER_GLOBAL_ACCENT_COLOR_NAME = AccentColor;
				CODE_SIGN_STYLE = Automatic;
				CURRENT_PROJECT_VERSION = 1;
				DEVELOPMENT_ASSET_PATHS = "\"WB chat/Preview Content\"";
				DEVELOPMENT_TEAM = G249G7DU5T;
				ENABLE_PREVIEWS = YES;
				GENERATE_INFOPLIST_FILE = YES;
				INFOPLIST_KEY_UIApplicationSceneManifest_Generation = YES;
				INFOPLIST_KEY_UIApplicationSupportsIndirectInputEvents = YES;
				INFOPLIST_KEY_UILaunchScreen_Generation = YES;
				INFOPLIST_KEY_UISupportedInterfaceOrientations_iPad = "UIInterfaceOrientationPortrait UIInterfaceOrientationPortraitUpsideDown UIInterfaceOrientationLandscapeLeft UIInterfaceOrientationLandscapeRight";
				INFOPLIST_KEY_UISupportedInterfaceOrientations_iPhone = "UIInterfaceOrientationPortrait UIInterfaceOrientationLandscapeLeft UIInterfaceOrientationLandscapeRight";
				LD_RUNPATH_SEARCH_PATHS = (
					"$(inherited)",
					"@executable_path/Frameworks",
				);
				MARKETING_VERSION = 1.0;
				PRODUCT_BUNDLE_IDENTIFIER = "Pet.WB-chat";
				PRODUCT_NAME = "$(TARGET_NAME)";
				SWIFT_EMIT_LOC_STRINGS = YES;
				SWIFT_VERSION = 5.0;
				TARGETED_DEVICE_FAMILY = "1,2";
			};
			name = Release;
		};
/* End XCBuildConfiguration section */

/* Begin XCConfigurationList section */
		476473AD2C1472630052EB45 /* Build configuration list for PBXProject "WB chat" */ = {
			isa = XCConfigurationList;
			buildConfigurations = (
				476473BE2C1472640052EB45 /* Debug */,
				476473BF2C1472640052EB45 /* Release */,
			);
			defaultConfigurationIsVisible = 0;
			defaultConfigurationName = Release;
		};
		476473C02C1472640052EB45 /* Build configuration list for PBXNativeTarget "WB chat" */ = {
			isa = XCConfigurationList;
			buildConfigurations = (
				476473C12C1472640052EB45 /* Debug */,
				476473C22C1472640052EB45 /* Release */,
			);
			defaultConfigurationIsVisible = 0;
			defaultConfigurationName = Release;
		};
/* End XCConfigurationList section */
	};
	rootObject = 476473AA2C1472630052EB45 /* Project object */;
}
